# This file is automatically @generated by Cargo.
# It is not intended for manual editing.
version = 3

[[package]]
name = "aarch64-cpu"
version = "9.3.1"
source = "registry+https://github.com/rust-lang/crates.io-index"
checksum = "eb711c57d60565ba8f6523eb371e6243639617d817b4df1ae09af250af1af411"
dependencies = [
 "tock-registers",
]

[[package]]
name = "libm"
version = "0.2.7"
source = "registry+https://github.com/rust-lang/crates.io-index"
checksum = "f7012b1bbb0719e1097c47611d3898568c546d597c2e74d66f6087edd5233ff4"

[[package]]
name = "lupine-os"
version = "0.8.0"
dependencies = [
 "aarch64-cpu",
 "libm",
 "tock-registers",
]

[[package]]
name = "tock-registers"
version = "0.8.1"
source = "registry+https://github.com/rust-lang/crates.io-index"
checksum = "696941a0aee7e276a165a978b37918fd5d22c55c3d6bda197813070ca9c0f21c"
